
Microsoft Visual Studio Solution File, Format Version 12.00
# Visual Studio 15
VisualStudioVersion = 15.0.28307.572
MinimumVisualStudioVersion = 10.0.40219.1
Project("{2150E333-8FDC-42A3-9474-1A3956D46DE8}") = "Solution Items", "Solution Items", "{95DA57EC-7278-453F-84F9-AC772D094D6D}"
	ProjectSection(SolutionItems) = preProject
		TextFile1.txt = TextFile1.txt
	EndProjectSection
EndProject
Project("{FAE04EC0-301F-11D3-BF4B-00C04F79EFBC}") = "Ex05.OthelloGameLogic", "Ex05.OtheloGameLogic\Ex05.OthelloGameLogic.csproj", "{BD492960-CB82-4D5F-9F8D-59CAC361367A}"
EndProject
Project("{FAE04EC0-301F-11D3-BF4B-00C04F79EFBC}") = "Ex05.OthelloGameWinForms", "Ex05.OtheloGameWinForms\Ex05.OthelloGameWinForms.csproj", "{4DDC5B6C-A84C-409E-98E9-CB8036E974A0}"
EndProject
Global
	GlobalSection(SolutionConfigurationPlatforms) = preSolution
		Debug|Any CPU = Debug|Any CPU
		Release|Any CPU = Release|Any CPU
	EndGlobalSection
	GlobalSection(ProjectConfigurationPlatforms) = postSolution
		{BD492960-CB82-4D5F-9F8D-59CAC361367A}.Debug|Any CPU.ActiveCfg = Debug|Any CPU
		{BD492960-CB82-4D5F-9F8D-59CAC361367A}.Debug|Any CPU.Build.0 = Debug|Any CPU
		{BD492960-CB82-4D5F-9F8D-59CAC361367A}.Release|Any CPU.ActiveCfg = Release|Any CPU
		{BD492960-CB82-4D5F-9F8D-59CAC361367A}.Release|Any CPU.Build.0 = Release|Any CPU
		{4DDC5B6C-A84C-409E-98E9-CB8036E974A0}.Debug|Any CPU.ActiveCfg = Debug|Any CPU
		{4DDC5B6C-A84C-409E-98E9-CB8036E974A0}.Debug|Any CPU.Build.0 = Debug|Any CPU
		{4DDC5B6C-A84C-409E-98E9-CB8036E974A0}.Release|Any CPU.ActiveCfg = Release|Any CPU
		{4DDC5B6C-A84C-409E-98E9-CB8036E974A0}.Release|Any CPU.Build.0 = Release|Any CPU
	EndGlobalSection
	GlobalSection(SolutionProperties) = preSolution
		HideSolutionNode = FALSE
	EndGlobalSection
	GlobalSection(ExtensibilityGlobals) = postSolution
		SolutionGuid = {ABA1D76F-A4CF-4EB1-8086-6857E7164F02}
	EndGlobalSection
EndGlobal
